
Microsoft Visual Studio Solution File, Format Version 12.00
# Visual Studio Version 17
VisualStudioVersion = 17.1.32414.318
MinimumVisualStudioVersion = 10.0.40219.1
Project("{FAE04EC0-301F-11D3-BF4B-00C04F79EFBC}") = "Expressions", "Expressions\Expressions.csproj", "{1D1FA779-78FC-48D1-8F53-1F20E3EBD96F}"
EndProject
Project("{FAE04EC0-301F-11D3-BF4B-00C04F79EFBC}") = "FileHandler", "FIleHandler\FileHandler.csproj", "{772E8449-3219-4C02-A135-AC1274E0289E}"
EndProject
Global
	GlobalSection(SolutionConfigurationPlatforms) = preSolution
		Debug|Any CPU = Debug|Any CPU
		Release|Any CPU = Release|Any CPU
	EndGlobalSection
	GlobalSection(ProjectConfigurationPlatforms) = postSolution
		{1D1FA779-78FC-48D1-8F53-1F20E3EBD96F}.Debug|Any CPU.ActiveCfg = Debug|Any CPU
		{1D1FA779-78FC-48D1-8F53-1F20E3EBD96F}.Debug|Any CPU.Build.0 = Debug|Any CPU
		{1D1FA779-78FC-48D1-8F53-1F20E3EBD96F}.Release|Any CPU.ActiveCfg = Release|Any CPU
		{1D1FA779-78FC-48D1-8F53-1F20E3EBD96F}.Release|Any CPU.Build.0 = Release|Any CPU
		{772E8449-3219-4C02-A135-AC1274E0289E}.Debug|Any CPU.ActiveCfg = Debug|Any CPU
		{772E8449-3219-4C02-A135-AC1274E0289E}.Debug|Any CPU.Build.0 = Debug|Any CPU
		{772E8449-3219-4C02-A135-AC1274E0289E}.Release|Any CPU.ActiveCfg = Release|Any CPU
		{772E8449-3219-4C02-A135-AC1274E0289E}.Release|Any CPU.Build.0 = Release|Any CPU
	EndGlobalSection
	GlobalSection(SolutionProperties) = preSolution
		HideSolutionNode = FALSE
	EndGlobalSection
	GlobalSection(ExtensibilityGlobals) = postSolution
		SolutionGuid = {C4DF4B2B-9A2E-4569-98DF-43E428BBF676}
	EndGlobalSection
EndGlobal
